// !$*UTF8*$!
{
	archiveVersion = 1;
	classes = {
	};
	objectVersion = 46;
	objects = {

/* Begin PBXBuildFile section */
		2DAD921E1B6D4F0F009B5500 /* 1.png in Resources */ = {isa = PBXBuildFile; fileRef = 2DAD92141B6D4F0F009B5500 /* 1.png */; };
		2DAD921F1B6D4F0F009B5500 /* 2.png in Resources */ = {isa = PBXBuildFile; fileRef = 2DAD92151B6D4F0F009B5500 /* 2.png */; };
		2DAD92201B6D4F0F009B5500 /* 3.png in Resources */ = {isa = PBXBuildFile; fileRef = 2DAD92161B6D4F0F009B5500 /* 3.png */; };
		2DAD92211B6D4F0F009B5500 /* 4.png in Resources */ = {isa = PBXBuildFile; fileRef = 2DAD92171B6D4F0F009B5500 /* 4.png */; };
		2DAD92221B6D4F0F009B5500 /* 5.png in Resources */ = {isa = PBXBuildFile; fileRef = 2DAD92181B6D4F0F009B5500 /* 5.png */; };
		2DAD92231B6D4F0F009B5500 /* 6.png in Resources */ = {isa = PBXBuildFile; fileRef = 2DAD92191B6D4F0F009B5500 /* 6.png */; };
		2DAD92241B6D4F0F009B5500 /* 7.png in Resources */ = {isa = PBXBuildFile; fileRef = 2DAD921A1B6D4F0F009B5500 /* 7.png */; };
		2DAD92251B6D4F0F009B5500 /* 8.png in Resources */ = {isa = PBXBuildFile; fileRef = 2DAD921B1B6D4F0F009B5500 /* 8.png */; };
		2DAD92271B6D4F0F009B5500 /* 10.png in Resources */ = {isa = PBXBuildFile; fileRef = 2DAD921D1B6D4F0F009B5500 /* 10.png */; };
		2DD70E9E1B6CE2CF00566D0A /* main.m in Sources */ = {isa = PBXBuildFile; fileRef = 2DD70E9D1B6CE2CF00566D0A /* main.m */; };
		2DD70EA11B6CE2CF00566D0A /* AppDelegate.m in Sources */ = {isa = PBXBuildFile; fileRef = 2DD70EA01B6CE2CF00566D0A /* AppDelegate.m */; };
		2DD70EA71B6CE2CF00566D0A /* Main.storyboard in Resources */ = {isa = PBXBuildFile; fileRef = 2DD70EA51B6CE2CF00566D0A /* Main.storyboard */; };
		2DD70EAC1B6CE2CF00566D0A /* LaunchScreen.xib in Resources */ = {isa = PBXBuildFile; fileRef = 2DD70EAA1B6CE2CF00566D0A /* LaunchScreen.xib */; };
		2DD70EB81B6CE2CF00566D0A /* Table_Maks_ShvecTests.m in Sources */ = {isa = PBXBuildFile; fileRef = 2DD70EB71B6CE2CF00566D0A /* Table_Maks_ShvecTests.m */; };
		2DEEB1851B6D6F140061B092 /* 9.png in Resources */ = {isa = PBXBuildFile; fileRef = 2DEEB1841B6D6F140061B092 /* 9.png */; };
		FCF01EF31B7F42660039984E /* TMSTextAndImage.m in Sources */ = {isa = PBXBuildFile; fileRef = FCF01EF21B7F42660039984E /* TMSTextAndImage.m */; };
		FCF01EF71B7F426D0039984E /* TMSTableViewController.m in Sources */ = {isa = PBXBuildFile; fileRef = FCF01EF61B7F426D0039984E /* TMSTableViewController.m */; };
		FCF01EFB1B7F42740039984E /* TMSTableViewCell.m in Sources */ = {isa = PBXBuildFile; fileRef = FCF01EFA1B7F42740039984E /* TMSTableViewCell.m */; };
		FCF01EFD1B7F43C20039984E /* Images.xcassets in Resources */ = {isa = PBXBuildFile; fileRef = FCF01EFC1B7F43C20039984E /* Images.xcassets */; };
/* End PBXBuildFile section */

/* Begin PBXContainerItemProxy section */
		2DD70EB21B6CE2CF00566D0A /* PBXContainerItemProxy */ = {
			isa = PBXContainerItemProxy;
			containerPortal = 2DD70E901B6CE2CF00566D0A /* Project object */;
			proxyType = 1;
			remoteGlobalIDString = 2DD70E971B6CE2CF00566D0A;
			remoteInfo = Table.Maks.Shvec;
		};
/* End PBXContainerItemProxy section */

/* Begin PBXFileReference section */
		2DAD92141B6D4F0F009B5500 /* 1.png */ = {isa = PBXFileReference; lastKnownFileType = image.png; path = 1.png; sourceTree = "<group>"; };
		2DAD92151B6D4F0F009B5500 /* 2.png */ = {isa = PBXFileReference; lastKnownFileType = image.png; path = 2.png; sourceTree = "<group>"; };
		2DAD92161B6D4F0F009B5500 /* 3.png */ = {isa = PBXFileReference; lastKnownFileType = image.png; path = 3.png; sourceTree = "<group>"; };
		2DAD92171B6D4F0F009B5500 /* 4.png */ = {isa = PBXFileReference; lastKnownFileType = image.png; path = 4.png; sourceTree = "<group>"; };
		2DAD92181B6D4F0F009B5500 /* 5.png */ = {isa = PBXFileReference; lastKnownFileType = image.png; path = 5.png; sourceTree = "<group>"; };
		2DAD92191B6D4F0F009B5500 /* 6.png */ = {isa = PBXFileReference; lastKnownFileType = image.png; path = 6.png; sourceTree = "<group>"; };
		2DAD921A1B6D4F0F009B5500 /* 7.png */ = {isa = PBXFileReference; lastKnownFileType = image.png; path = 7.png; sourceTree = "<group>"; };
		2DAD921B1B6D4F0F009B5500 /* 8.png */ = {isa = PBXFileReference; lastKnownFileType = image.png; path = 8.png; sourceTree = "<group>"; };
		2DAD921D1B6D4F0F009B5500 /* 10.png */ = {isa = PBXFileReference; lastKnownFileType = image.png; path = 10.png; sourceTree = "<group>"; };
		2DD70E981B6CE2CF00566D0A /* Table.Maks.Shvec.app */ = {isa = PBXFileReference; explicitFileType = wrapper.application; includeInIndex = 0; path = Table.Maks.Shvec.app; sourceTree = BUILT_PRODUCTS_DIR; };
		2DD70E9C1B6CE2CF00566D0A /* Info.plist */ = {isa = PBXFileReference; lastKnownFileType = text.plist.xml; path = Info.plist; sourceTree = "<group>"; };
		2DD70E9D1B6CE2CF00566D0A /* main.m */ = {isa = PBXFileReference; lastKnownFileType = sourcecode.c.objc; path = main.m; sourceTree = "<group>"; };
		2DD70E9F1B6CE2CF00566D0A /* AppDelegate.h */ = {isa = PBXFileReference; lastKnownFileType = sourcecode.c.h; path = AppDelegate.h; sourceTree = "<group>"; };
		2DD70EA01B6CE2CF00566D0A /* AppDelegate.m */ = {isa = PBXFileReference; lastKnownFileType = sourcecode.c.objc; path = AppDelegate.m; sourceTree = "<group>"; };
		2DD70EA61B6CE2CF00566D0A /* Base */ = {isa = PBXFileReference; lastKnownFileType = file.storyboard; name = Base; path = Base.lproj/Main.storyboard; sourceTree = "<group>"; };
		2DD70EAB1B6CE2CF00566D0A /* Base */ = {isa = PBXFileReference; lastKnownFileType = file.xib; name = Base; path = Base.lproj/LaunchScreen.xib; sourceTree = "<group>"; };
		2DD70EB11B6CE2CF00566D0A /* Table.Maks.ShvecTests.xctest */ = {isa = PBXFileReference; explicitFileType = wrapper.cfbundle; includeInIndex = 0; path = Table.Maks.ShvecTests.xctest; sourceTree = BUILT_PRODUCTS_DIR; };
		2DD70EB61B6CE2CF00566D0A /* Info.plist */ = {isa = PBXFileReference; lastKnownFileType = text.plist.xml; path = Info.plist; sourceTree = "<group>"; };
		2DD70EB71B6CE2CF00566D0A /* Table_Maks_ShvecTests.m */ = {isa = PBXFileReference; lastKnownFileType = sourcecode.c.objc; path = Table_Maks_ShvecTests.m; sourceTree = "<group>"; };
		2DEEB1841B6D6F140061B092 /* 9.png */ = {isa = PBXFileReference; lastKnownFileType = image.png; path = 9.png; sourceTree = "<group>"; };
		FCF01EF11B7F42660039984E /* TMSTextAndImage.h */ = {isa = PBXFileReference; fileEncoding = 4; lastKnownFileType = sourcecode.c.h; path = TMSTextAndImage.h; sourceTree = "<group>"; };
		FCF01EF21B7F42660039984E /* TMSTextAndImage.m */ = {isa = PBXFileReference; fileEncoding = 4; lastKnownFileType = sourcecode.c.objc; path = TMSTextAndImage.m; sourceTree = "<group>"; };
		FCF01EF51B7F426D0039984E /* TMSTableViewController.h */ = {isa = PBXFileReference; fileEncoding = 4; lastKnownFileType = sourcecode.c.h; path = TMSTableViewController.h; sourceTree = "<group>"; };
		FCF01EF61B7F426D0039984E /* TMSTableViewController.m */ = {isa = PBXFileReference; fileEncoding = 4; lastKnownFileType = sourcecode.c.objc; path = TMSTableViewController.m; sourceTree = "<group>"; };
		FCF01EF91B7F42740039984E /* TMSTableViewCell.h */ = {isa = PBXFileReference; fileEncoding = 4; lastKnownFileType = sourcecode.c.h; path = TMSTableViewCell.h; sourceTree = "<group>"; };
		FCF01EFA1B7F42740039984E /* TMSTableViewCell.m */ = {isa = PBXFileReference; fileEncoding = 4; lastKnownFileType = sourcecode.c.objc; path = TMSTableViewCell.m; sourceTree = "<group>"; };
		FCF01EFC1B7F43C20039984E /* Images.xcassets */ = {isa = PBXFileReference; lastKnownFileType = folder.assetcatalog; path = Images.xcassets; sourceTree = "<group>"; };
/* End PBXFileReference section */

/* Begin PBXFrameworksBuildPhase section */
		2DD70E951B6CE2CF00566D0A /* Frameworks */ = {
			isa = PBXFrameworksBuildPhase;
			buildActionMask = 2147483647;
			files = (
			);
			runOnlyForDeploymentPostprocessing = 0;
		};
		2DD70EAE1B6CE2CF00566D0A /* Frameworks */ = {
			isa = PBXFrameworksBuildPhase;
			buildActionMask = 2147483647;
			files = (
			);
			runOnlyForDeploymentPostprocessing = 0;
		};
/* End PBXFrameworksBuildPhase section */

/* Begin PBXGroup section */
		2DBAAEB21B7F84CA0040DFB1 /* Cells */ = {
			isa = PBXGroup;
			children = (
				FCF01EF91B7F42740039984E /* TMSTableViewCell.h */,
				FCF01EFA1B7F42740039984E /* TMSTableViewCell.m */,
			);
			name = Cells;
			sourceTree = "<group>";
		};
		2DBAAEB31B7F84EF0040DFB1 /* Resources */ = {
			isa = PBXGroup;
			children = (
				2DAD92141B6D4F0F009B5500 /* 1.png */,
				2DAD92151B6D4F0F009B5500 /* 2.png */,
				2DAD92161B6D4F0F009B5500 /* 3.png */,
				2DAD92171B6D4F0F009B5500 /* 4.png */,
				2DAD92181B6D4F0F009B5500 /* 5.png */,
				2DAD92191B6D4F0F009B5500 /* 6.png */,
				2DAD921A1B6D4F0F009B5500 /* 7.png */,
				2DAD921B1B6D4F0F009B5500 /* 8.png */,
				2DEEB1841B6D6F140061B092 /* 9.png */,
				2DAD921D1B6D4F0F009B5500 /* 10.png */,
			);
			name = Resources;
			sourceTree = "<group>";
		};
		2DD70E8F1B6CE2CF00566D0A = {
			isa = PBXGroup;
			children = (
				2DD70E9A1B6CE2CF00566D0A /* Table.Maks.Shvec */,
				2DD70EB41B6CE2CF00566D0A /* Table.Maks.ShvecTests */,
				2DD70E991B6CE2CF00566D0A /* Products */,
			);
			sourceTree = "<group>";
		};
		2DD70E991B6CE2CF00566D0A /* Products */ = {
			isa = PBXGroup;
			children = (
				2DD70E981B6CE2CF00566D0A /* Table.Maks.Shvec.app */,
				2DD70EB11B6CE2CF00566D0A /* Table.Maks.ShvecTests.xctest */,
			);
			name = Products;
			sourceTree = "<group>";
		};
		2DD70E9A1B6CE2CF00566D0A /* Table.Maks.Shvec */ = {
			isa = PBXGroup;
			children = (
				2DBAAEB31B7F84EF0040DFB1 /* Resources */,
				FCF01EF81B7F42740039984E /* Views */,
				FCF01EF41B7F426D0039984E /* Controllers */,
				FCF01EF01B7F42660039984E /* Models */,
				2DD70E9F1B6CE2CF00566D0A /* AppDelegate.h */,
				2DD70EA01B6CE2CF00566D0A /* AppDelegate.m */,
				2DD70EA51B6CE2CF00566D0A /* Main.storyboard */,
				2DD70EAA1B6CE2CF00566D0A /* LaunchScreen.xib */,
				FCF01EFC1B7F43C20039984E /* Images.xcassets */,
				2DD70E9B1B6CE2CF00566D0A /* Supporting Files */,
			);
			path = Table.Maks.Shvec;
			sourceTree = "<group>";
		};
		2DD70E9B1B6CE2CF00566D0A /* Supporting Files */ = {
			isa = PBXGroup;
			children = (
				2DD70E9C1B6CE2CF00566D0A /* Info.plist */,
				2DD70E9D1B6CE2CF00566D0A /* main.m */,
			);
			name = "Supporting Files";
			sourceTree = "<group>";
		};
		2DD70EB41B6CE2CF00566D0A /* Table.Maks.ShvecTests */ = {
			isa = PBXGroup;
			children = (
				2DD70EB71B6CE2CF00566D0A /* Table_Maks_ShvecTests.m */,
				2DD70EB51B6CE2CF00566D0A /* Supporting Files */,
			);
			path = Table.Maks.ShvecTests;
			sourceTree = "<group>";
		};
		2DD70EB51B6CE2CF00566D0A /* Supporting Files */ = {
			isa = PBXGroup;
			children = (
				2DD70EB61B6CE2CF00566D0A /* Info.plist */,
			);
			name = "Supporting Files";
			sourceTree = "<group>";
		};
		FCF01EF01B7F42660039984E /* Models */ = {
			isa = PBXGroup;
			children = (
				FCF01EF11B7F42660039984E /* TMSTextAndImage.h */,
				FCF01EF21B7F42660039984E /* TMSTextAndImage.m */,
			);
			name = Models;
			path = Model;
			sourceTree = "<group>";
		};
		FCF01EF41B7F426D0039984E /* Controllers */ = {
			isa = PBXGroup;
			children = (
				FCF01EF51B7F426D0039984E /* TMSTableViewController.h */,
				FCF01EF61B7F426D0039984E /* TMSTableViewController.m */,
			);
			name = Controllers;
			path = ViewControllers;
			sourceTree = "<group>";
		};
		FCF01EF81B7F42740039984E /* Views */ = {
			isa = PBXGroup;
			children = (
				2DBAAEB21B7F84CA0040DFB1 /* Cells */,
			);
			path = Views;
			sourceTree = "<group>";
		};
/* End PBXGroup section */

/* Begin PBXNativeTarget section */
		2DD70E971B6CE2CF00566D0A /* Table.Maks.Shvec */ = {
			isa = PBXNativeTarget;
			buildConfigurationList = 2DD70EBB1B6CE2CF00566D0A /* Build configuration list for PBXNativeTarget "Table.Maks.Shvec" */;
			buildPhases = (
				2DD70E941B6CE2CF00566D0A /* Sources */,
				2DD70E951B6CE2CF00566D0A /* Frameworks */,
				2DD70E961B6CE2CF00566D0A /* Resources */,
			);
			buildRules = (
			);
			dependencies = (
			);
			name = Table.Maks.Shvec;
			productName = Table.Maks.Shvec;
			productReference = 2DD70E981B6CE2CF00566D0A /* Table.Maks.Shvec.app */;
			productType = "com.apple.product-type.application";
		};
		2DD70EB01B6CE2CF00566D0A /* Table.Maks.ShvecTests */ = {
			isa = PBXNativeTarget;
			buildConfigurationList = 2DD70EBE1B6CE2CF00566D0A /* Build configuration list for PBXNativeTarget "Table.Maks.ShvecTests" */;
			buildPhases = (
				2DD70EAD1B6CE2CF00566D0A /* Sources */,
				2DD70EAE1B6CE2CF00566D0A /* Frameworks */,
				2DD70EAF1B6CE2CF00566D0A /* Resources */,
			);
			buildRules = (
			);
			dependencies = (
				2DD70EB31B6CE2CF00566D0A /* PBXTargetDependency */,
			);
			name = Table.Maks.ShvecTests;
			productName = Table.Maks.ShvecTests;
			productReference = 2DD70EB11B6CE2CF00566D0A /* Table.Maks.ShvecTests.xctest */;
			productType = "com.apple.product-type.bundle.unit-test";
		};
/* End PBXNativeTarget section */

/* Begin PBXProject section */
		2DD70E901B6CE2CF00566D0A /* Project object */ = {
			isa = PBXProject;
			attributes = {
				LastUpgradeCheck = 0640;
				ORGANIZATIONNAME = Maks;
				TargetAttributes = {
					2DD70E971B6CE2CF00566D0A = {
						CreatedOnToolsVersion = 6.4;
					};
					2DD70EB01B6CE2CF00566D0A = {
						CreatedOnToolsVersion = 6.4;
						TestTargetID = 2DD70E971B6CE2CF00566D0A;
					};
				};
			};
			buildConfigurationList = 2DD70E931B6CE2CF00566D0A /* Build configuration list for PBXProject "Table.Maks.Shvec" */;
			compatibilityVersion = "Xcode 3.2";
			developmentRegion = English;
			hasScannedForEncodings = 0;
			knownRegions = (
				en,
				Base,
			);
			mainGroup = 2DD70E8F1B6CE2CF00566D0A;
			productRefGroup = 2DD70E991B6CE2CF00566D0A /* Products */;
			projectDirPath = "";
			projectRoot = "";
			targets = (
				2DD70E971B6CE2CF00566D0A /* Table.Maks.Shvec */,
				2DD70EB01B6CE2CF00566D0A /* Table.Maks.ShvecTests */,
			);
		};
/* End PBXProject section */

/* Begin PBXResourcesBuildPhase section */
		2DD70E961B6CE2CF00566D0A /* Resources */ = {
			isa = PBXResourcesBuildPhase;
			buildActionMask = 2147483647;
			files = (
				2DAD92271B6D4F0F009B5500 /* 10.png in Resources */,
				2DAD92251B6D4F0F009B5500 /* 8.png in Resources */,
				2DD70EA71B6CE2CF00566D0A /* Main.storyboard in Resources */,
				FCF01EFD1B7F43C20039984E /* Images.xcassets in Resources */,
				2DAD92211B6D4F0F009B5500 /* 4.png in Resources */,
				2DEEB1851B6D6F140061B092 /* 9.png in Resources */,
				2DAD921E1B6D4F0F009B5500 /* 1.png in Resources */,
				2DAD92231B6D4F0F009B5500 /* 6.png in Resources */,
				2DAD921F1B6D4F0F009B5500 /* 2.png in Resources */,
				2DAD92201B6D4F0F009B5500 /* 3.png in Resources */,
				2DAD92221B6D4F0F009B5500 /* 5.png in Resources */,
				2DAD92241B6D4F0F009B5500 /* 7.png in Resources */,
				2DD70EAC1B6CE2CF00566D0A /* LaunchScreen.xib in Resources */,
			);
			runOnlyForDeploymentPostprocessing = 0;
		};
		2DD70EAF1B6CE2CF00566D0A /* Resources */ = {
			isa = PBXResourcesBuildPhase;
			buildActionMask = 2147483647;
			files = (
			);
			runOnlyForDeploymentPostprocessing = 0;
		};
/* End PBXResourcesBuildPhase section */

/* Begin PBXSourcesBuildPhase section */
		2DD70E941B6CE2CF00566D0A /* Sources */ = {
			isa = PBXSourcesBuildPhase;
			buildActionMask = 2147483647;
			files = (
				2DD70EA11B6CE2CF00566D0A /* AppDelegate.m in Sources */,
				FCF01EF31B7F42660039984E /* TMSTextAndImage.m in Sources */,
				2DD70E9E1B6CE2CF00566D0A /* main.m in Sources */,
				FCF01EFB1B7F42740039984E /* TMSTableViewCell.m in Sources */,
				FCF01EF71B7F426D0039984E /* TMSTableViewController.m in Sources */,
			);
			runOnlyForDeploymentPostprocessing = 0;
		};
		2DD70EAD1B6CE2CF00566D0A /* Sources */ = {
			isa = PBXSourcesBuildPhase;
			buildActionMask = 2147483647;
			files = (
				2DD70EB81B6CE2CF00566D0A /* Table_Maks_ShvecTests.m in Sources */,
			);
			runOnlyForDeploymentPostprocessing = 0;
		};
/* End PBXSourcesBuildPhase section */

/* Begin PBXTargetDependency section */
		2DD70EB31B6CE2CF00566D0A /* PBXTargetDependency */ = {
			isa = PBXTargetDependency;
			target = 2DD70E971B6CE2CF00566D0A /* Table.Maks.Shvec */;
			targetProxy = 2DD70EB21B6CE2CF00566D0A /* PBXContainerItemProxy */;
		};
/* End PBXTargetDependency section */

/* Begin PBXVariantGroup section */
		2DD70EA51B6CE2CF00566D0A /* Main.storyboard */ = {
			isa = PBXVariantGroup;
			children = (
				2DD70EA61B6CE2CF00566D0A /* Base */,
			);
			name = Main.storyboard;
			sourceTree = "<group>";
		};
		2DD70EAA1B6CE2CF00566D0A /* LaunchScreen.xib */ = {
			isa = PBXVariantGroup;
			children = (
				2DD70EAB1B6CE2CF00566D0A /* Base */,
			);
			name = LaunchScreen.xib;
			sourceTree = "<group>";
		};
/* End PBXVariantGroup section */

/* Begin XCBuildConfiguration section */
		2DD70EB91B6CE2CF00566D0A /* Debug */ = {
			isa = XCBuildConfiguration;
			buildSettings = {
				ALWAYS_SEARCH_USER_PATHS = NO;
				CLANG_CXX_LANGUAGE_STANDARD = "gnu++0x";
				CLANG_CXX_LIBRARY = "libc++";
				CLANG_ENABLE_MODULES = YES;
				CLANG_ENABLE_OBJC_ARC = YES;
				CLANG_WARN_BOOL_CONVERSION = YES;
				CLANG_WARN_CONSTANT_CONVERSION = YES;
				CLANG_WARN_DIRECT_OBJC_ISA_USAGE = YES_ERROR;
				CLANG_WARN_EMPTY_BODY = YES;
				CLANG_WARN_ENUM_CONVERSION = YES;
				CLANG_WARN_INT_CONVERSION = YES;
				CLANG_WARN_OBJC_ROOT_CLASS = YES_ERROR;
				CLANG_WARN_UNREACHABLE_CODE = YES;
				CLANG_WARN__DUPLICATE_METHOD_MATCH = YES;
				"CODE_SIGN_IDENTITY[sdk=iphoneos*]" = "iPhone Developer";
				COPY_PHASE_STRIP = NO;
				DEBUG_INFORMATION_FORMAT = "dwarf-with-dsym";
				ENABLE_STRICT_OBJC_MSGSEND = YES;
				GCC_C_LANGUAGE_STANDARD = gnu99;
				GCC_DYNAMIC_NO_PIC = NO;
				GCC_NO_COMMON_BLOCKS = YES;
				GCC_OPTIMIZATION_LEVEL = 0;
				GCC_PREPROCESSOR_DEFINITIONS = (
					"DEBUG=1",
					"$(inherited)",
				);
				GCC_SYMBOLS_PRIVATE_EXTERN = NO;
				GCC_WARN_64_TO_32_BIT_CONVERSION = YES;
				GCC_WARN_ABOUT_RETURN_TYPE = YES_ERROR;
				GCC_WARN_UNDECLARED_SELECTOR = YES;
				GCC_WARN_UNINITIALIZED_AUTOS = YES_AGGRESSIVE;
				GCC_WARN_UNUSED_FUNCTION = YES;
				GCC_WARN_UNUSED_VARIABLE = YES;
				IPHONEOS_DEPLOYMENT_TARGET = 8.4;
				MTL_ENABLE_DEBUG_INFO = YES;
				ONLY_ACTIVE_ARCH = YES;
				SDKROOT = iphoneos;
			};
			name = Debug;
		};
		2DD70EBA1B6CE2CF00566D0A /* Release */ = {
			isa = XCBuildConfiguration;
			buildSettings = {
				ALWAYS_SEARCH_USER_PATHS = NO;
				CLANG_CXX_LANGUAGE_STANDARD = "gnu++0x";
				CLANG_CXX_LIBRARY = "libc++";
				CLANG_ENABLE_MODULES = YES;
				CLANG_ENABLE_OBJC_ARC = YES;
				CLANG_WARN_BOOL_CONVERSION = YES;
				CLANG_WARN_CONSTANT_CONVERSION = YES;
				CLANG_WARN_DIRECT_OBJC_ISA_USAGE = YES_ERROR;
				CLANG_WARN_EMPTY_BODY = YES;
				CLANG_WARN_ENUM_CONVERSION = YES;
				CLANG_WARN_INT_CONVERSION = YES;
				CLANG_WARN_OBJC_ROOT_CLASS = YES_ERROR;
				CLANG_WARN_UNREACHABLE_CODE = YES;
				CLANG_WARN__DUPLICATE_METHOD_MATCH = YES;
				"CODE_SIGN_IDENTITY[sdk=iphoneos*]" = "iPhone Developer";
				COPY_PHASE_STRIP = NO;
				DEBUG_INFORMATION_FORMAT = "dwarf-with-dsym";
				ENABLE_NS_ASSERTIONS = NO;
				ENABLE_STRICT_OBJC_MSGSEND = YES;
				GCC_C_LANGUAGE_STANDARD = gnu99;
				GCC_NO_COMMON_BLOCKS = YES;
				GCC_WARN_64_TO_32_BIT_CONVERSION = YES;
				GCC_WARN_ABOUT_RETURN_TYPE = YES_ERROR;
				GCC_WARN_UNDECLARED_SELECTOR = YES;
				GCC_WARN_UNINITIALIZED_AUTOS = YES_AGGRESSIVE;
				GCC_WARN_UNUSED_FUNCTION = YES;
				GCC_WARN_UNUSED_VARIABLE = YES;
				IPHONEOS_DEPLOYMENT_TARGET = 8.4;
				MTL_ENABLE_DEBUG_INFO = NO;
				SDKROOT = iphoneos;
				VALIDATE_PRODUCT = YES;
			};
			name = Release;
		};
		2DD70EBC1B6CE2CF00566D0A /* Debug */ = {
			isa = XCBuildConfiguration;
			buildSettings = {
				ASSETCATALOG_COMPILER_APPICON_NAME = AppIcon;
				INFOPLIST_FILE = Table.Maks.Shvec/Info.plist;
				LD_RUNPATH_SEARCH_PATHS = "$(inherited) @executable_path/Frameworks";
				PRODUCT_NAME = "$(TARGET_NAME)";
			};
			name = Debug;
		};
		2DD70EBD1B6CE2CF00566D0A /* Release */ = {
			isa = XCBuildConfiguration;
			buildSettings = {
				ASSETCATALOG_COMPILER_APPICON_NAME = AppIcon;
				INFOPLIST_FILE = Table.Maks.Shvec/Info.plist;
				LD_RUNPATH_SEARCH_PATHS = "$(inherited) @executable_path/Frameworks";
				PRODUCT_NAME = "$(TARGET_NAME)";
			};
			name = Release;
		};
		2DD70EBF1B6CE2CF00566D0A /* Debug */ = {
			isa = XCBuildConfiguration;
			buildSettings = {
				BUNDLE_LOADER = "$(TEST_HOST)";
				FRAMEWORK_SEARCH_PATHS = (
					"$(SDKROOT)/Developer/Library/Frameworks",
					"$(inherited)",
				);
				GCC_PREPROCESSOR_DEFINITIONS = (
					"DEBUG=1",
					"$(inherited)",
				);
				INFOPLIST_FILE = Table.Maks.ShvecTests/Info.plist;
				LD_RUNPATH_SEARCH_PATHS = "$(inherited) @executable_path/Frameworks @loader_path/Frameworks";
				PRODUCT_NAME = "$(TARGET_NAME)";
				TEST_HOST = "$(BUILT_PRODUCTS_DIR)/Table.Maks.Shvec.app/Table.Maks.Shvec";
			};
			name = Debug;
		};
		2DD70EC01B6CE2CF00566D0A /* Release */ = {
			isa = XCBuildConfiguration;
			buildSettings = {
				BUNDLE_LOADER = "$(TEST_HOST)";
				FRAMEWORK_SEARCH_PATHS = (
					"$(SDKROOT)/Developer/Library/Frameworks",
					"$(inherited)",
				);
				INFOPLIST_FILE = Table.Maks.ShvecTests/Info.plist;
				LD_RUNPATH_SEARCH_PATHS = "$(inherited) @executable_path/Frameworks @loader_path/Frameworks";
				PRODUCT_NAME = "$(TARGET_NAME)";
				TEST_HOST = "$(BUILT_PRODUCTS_DIR)/Table.Maks.Shvec.app/Table.Maks.Shvec";
			};
			name = Release;
		};
/* End XCBuildConfiguration section */

/* Begin XCConfigurationList section */
		2DD70E931B6CE2CF00566D0A /* Build configuration list for PBXProject "Table.Maks.Shvec" */ = {
			isa = XCConfigurationList;
			buildConfigurations = (
				2DD70EB91B6CE2CF00566D0A /* Debug */,
				2DD70EBA1B6CE2CF00566D0A /* Release */,
			);
			defaultConfigurationIsVisible = 0;
			defaultConfigurationName = Release;
		};
		2DD70EBB1B6CE2CF00566D0A /* Build configuration list for PBXNativeTarget "Table.Maks.Shvec" */ = {
			isa = XCConfigurationList;
			buildConfigurations = (
				2DD70EBC1B6CE2CF00566D0A /* Debug */,
				2DD70EBD1B6CE2CF00566D0A /* Release */,
			);
			defaultConfigurationIsVisible = 0;
			defaultConfigurationName = Release;
		};
		2DD70EBE1B6CE2CF00566D0A /* Build configuration list for PBXNativeTarget "Table.Maks.ShvecTests" */ = {
			isa = XCConfigurationList;
			buildConfigurations = (
				2DD70EBF1B6CE2CF00566D0A /* Debug */,
				2DD70EC01B6CE2CF00566D0A /* Release */,
			);
			defaultConfigurationIsVisible = 0;
			defaultConfigurationName = Release;
		};
/* End XCConfigurationList section */
	};
	rootObject = 2DD70E901B6CE2CF00566D0A /* Project object */;
}
